# THIS IS AN AUTOGENERATED FILE. DO NOT EDIT THIS FILE DIRECTLY.
# yarn lockfile v1


resume-tsiangana@^0.2.1:
  version "0.2.1"
  resolved "https://registry.yarnpkg.com/resume-tsiangana/-/resume-tsiangana-0.2.1.tgz#81bc46aff1c76d58785d903ed0b66f0295f51d17"
  integrity sha512-2yYm9qAeTzv0j6qCsUrbFHfw6WlUOZlZcczd67LN01Tn0OtPdTNOeOBxsooCVzx4RfrVlcNKepCWe/NkJZEXpw==
