# THIS IS AN AUTOGENERATED FILE. DO NOT EDIT THIS FILE DIRECTLY.
# yarn lockfile v1


"@codar/eslint-plugin@^0.1.3":
  version "0.1.3"
  resolved "https://registry.yarnpkg.com/@codar/eslint-plugin/-/eslint-plugin-0.1.3.tgz#db4356720f4916c7c2cf71257225592ad013ba9c"
  integrity sha512-rDFWl/jhjMbEOraHRC6M46/gmInp0oIYf4BYJ/a1NBOnikXADlTZyk4U0n9tnAlTBFR1pcgWahvDRySYsd1Fmw==
